
Microsoft Visual Studio Solution File, Format Version 12.00
# Visual Studio 15
VisualStudioVersion = 15.0.28307.168
MinimumVisualStudioVersion = 10.0.40219.1
Project("{FAE04EC0-301F-11D3-BF4B-00C04F79EFBC}") = "SimpleCalculatorProject", "SimpleCalculatorProject\SimpleCalculatorProject.csproj", "{5F91CE86-1E4F-4AF4-9F28-4837C8C7DCE6}"
EndProject
Global
	GlobalSection(SolutionConfigurationPlatforms) = preSolution
		Debug|Any CPU = Debug|Any CPU
		Release|Any CPU = Release|Any CPU
	EndGlobalSection
	GlobalSection(ProjectConfigurationPlatforms) = postSolution
		{5F91CE86-1E4F-4AF4-9F28-4837C8C7DCE6}.Debug|Any CPU.ActiveCfg = Debug|Any CPU
		{5F91CE86-1E4F-4AF4-9F28-4837C8C7DCE6}.Debug|Any CPU.Build.0 = Debug|Any CPU
		{5F91CE86-1E4F-4AF4-9F28-4837C8C7DCE6}.Release|Any CPU.ActiveCfg = Release|Any CPU
		{5F91CE86-1E4F-4AF4-9F28-4837C8C7DCE6}.Release|Any CPU.Build.0 = Release|Any CPU
	EndGlobalSection
	GlobalSection(SolutionProperties) = preSolution
		HideSolutionNode = FALSE
	EndGlobalSection
	GlobalSection(ExtensibilityGlobals) = postSolution
		SolutionGuid = {83645C6B-DA0E-4219-9D40-7E7EF01CCF39}
	EndGlobalSection
EndGlobal
